// !$*UTF8*$!
{
	archiveVersion = 1;
	classes = {
	};
	objectVersion = 48;
	objects = {

/* Begin PBXBuildFile section */
		53614A0BD198421630CC7FBA /* libPods-YBBaseFrameworkDemo.a in Frameworks */ = {isa = PBXBuildFile; fileRef = FD2E8042898954E5AB25A1E9 /* libPods-YBBaseFrameworkDemo.a */; };
		EC8D756A1FCFE15400C6CBE2 /* AppDelegate.m in Sources */ = {isa = PBXBuildFile; fileRef = EC8D75691FCFE15400C6CBE2 /* AppDelegate.m */; };
		EC8D756D1FCFE15400C6CBE2 /* ViewController.m in Sources */ = {isa = PBXBuildFile; fileRef = EC8D756C1FCFE15400C6CBE2 /* ViewController.m */; };
		EC8D75701FCFE15400C6CBE2 /* Main.storyboard in Resources */ = {isa = PBXBuildFile; fileRef = EC8D756E1FCFE15400C6CBE2 /* Main.storyboard */; };
		EC8D75721FCFE15400C6CBE2 /* Assets.xcassets in Resources */ = {isa = PBXBuildFile; fileRef = EC8D75711FCFE15400C6CBE2 /* Assets.xcassets */; };
		EC8D75751FCFE15400C6CBE2 /* LaunchScreen.storyboard in Resources */ = {isa = PBXBuildFile; fileRef = EC8D75731FCFE15400C6CBE2 /* LaunchScreen.storyboard */; };
		EC8D75781FCFE15400C6CBE2 /* main.m in Sources */ = {isa = PBXBuildFile; fileRef = EC8D75771FCFE15400C6CBE2 /* main.m */; };
		EC8D75821FCFE15400C6CBE2 /* YBBaseFrameworkDemoTests.m in Sources */ = {isa = PBXBuildFile; fileRef = EC8D75811FCFE15400C6CBE2 /* YBBaseFrameworkDemoTests.m */; };
		EC8D76881FD00F0800C6CBE2 /* error_net_bg.png in Resources */ = {isa = PBXBuildFile; fileRef = EC8D76821FD00F0800C6CBE2 /* error_net_bg.png */; };
		EC8D76891FD00F0800C6CBE2 /* error_net_bg@2x.png in Resources */ = {isa = PBXBuildFile; fileRef = EC8D76831FD00F0800C6CBE2 /* error_net_bg@2x.png */; };
		EC8D768A1FD00F0800C6CBE2 /* error_net_bg@3x.png in Resources */ = {isa = PBXBuildFile; fileRef = EC8D76841FD00F0800C6CBE2 /* error_net_bg@3x.png */; };
		EC8D768B1FD00F0800C6CBE2 /* error_nodata_bg.png in Resources */ = {isa = PBXBuildFile; fileRef = EC8D76851FD00F0800C6CBE2 /* error_nodata_bg.png */; };
		EC8D768C1FD00F0800C6CBE2 /* error_nodata_bg@2x.png in Resources */ = {isa = PBXBuildFile; fileRef = EC8D76861FD00F0800C6CBE2 /* error_nodata_bg@2x.png */; };
		EC8D768D1FD00F0800C6CBE2 /* error_nodata_bg@3x.png in Resources */ = {isa = PBXBuildFile; fileRef = EC8D76871FD00F0800C6CBE2 /* error_nodata_bg@3x.png */; };
		ECD687111FD02C4C001DAF24 /* YBErrorModel.m in Sources */ = {isa = PBXBuildFile; fileRef = ECD686E11FD02C4C001DAF24 /* YBErrorModel.m */; };
		ECD687121FD02C4C001DAF24 /* YBHttpRequestManager.m in Sources */ = {isa = PBXBuildFile; fileRef = ECD686E31FD02C4C001DAF24 /* YBHttpRequestManager.m */; };
		ECD687131FD02C4C001DAF24 /* YBHttpResponseModel.m in Sources */ = {isa = PBXBuildFile; fileRef = ECD686E51FD02C4C001DAF24 /* YBHttpResponseModel.m */; };
		ECD687141FD02C4C001DAF24 /* YBHttpServerErrorModel.m in Sources */ = {isa = PBXBuildFile; fileRef = ECD686E71FD02C4C001DAF24 /* YBHttpServerErrorModel.m */; };
		ECD687151FD02C4C001DAF24 /* YBResponseModel.m in Sources */ = {isa = PBXBuildFile; fileRef = ECD686E91FD02C4C001DAF24 /* YBResponseModel.m */; };
		ECD687161FD02C4C001DAF24 /* YBBaseInteractor.m in Sources */ = {isa = PBXBuildFile; fileRef = ECD686ED1FD02C4C001DAF24 /* YBBaseInteractor.m */; };
		ECD687171FD02C4C001DAF24 /* YBBaseRequestWorker.m in Sources */ = {isa = PBXBuildFile; fileRef = ECD686EF1FD02C4C001DAF24 /* YBBaseRequestWorker.m */; };
		ECD687181FD02C4C001DAF24 /* AESEncrypt.m in Sources */ = {isa = PBXBuildFile; fileRef = ECD686F61FD02C4C001DAF24 /* AESEncrypt.m */; };
		ECD6871A1FD02C4C001DAF24 /* NSData+AES.m in Sources */ = {isa = PBXBuildFile; fileRef = ECD686FA1FD02C4C001DAF24 /* NSData+AES.m */; };
		ECD6871B1FD02C4C001DAF24 /* SecurityUtil.m in Sources */ = {isa = PBXBuildFile; fileRef = ECD686FC1FD02C4C001DAF24 /* SecurityUtil.m */; };
		ECD6871C1FD02C4C001DAF24 /* NSErrorCodeHandle.m in Sources */ = {isa = PBXBuildFile; fileRef = ECD686FF1FD02C4C001DAF24 /* NSErrorCodeHandle.m */; };
		ECD6871D1FD02C4C001DAF24 /* NSObject+Dispatch.m in Sources */ = {isa = PBXBuildFile; fileRef = ECD687011FD02C4C001DAF24 /* NSObject+Dispatch.m */; };
		ECD6871E1FD02C4C001DAF24 /* NSObject+ErrorCodeHandle.m in Sources */ = {isa = PBXBuildFile; fileRef = ECD687031FD02C4C001DAF24 /* NSObject+ErrorCodeHandle.m */; };
		ECD6871F1FD02C4C001DAF24 /* NSObject+UIErrorHandle.m in Sources */ = {isa = PBXBuildFile; fileRef = ECD687051FD02C4C001DAF24 /* NSObject+UIErrorHandle.m */; };
		ECD687201FD02C4C001DAF24 /* YBBasePresenter.m in Sources */ = {isa = PBXBuildFile; fileRef = ECD687081FD02C4C001DAF24 /* YBBasePresenter.m */; };
		ECD687211FD02C4D001DAF24 /* UIImage+Alpha.m in Sources */ = {isa = PBXBuildFile; fileRef = ECD6870B1FD02C4C001DAF24 /* UIImage+Alpha.m */; };
		ECD687221FD02C4D001DAF24 /* UILabel+BoundingRect.m in Sources */ = {isa = PBXBuildFile; fileRef = ECD6870D1FD02C4C001DAF24 /* UILabel+BoundingRect.m */; };
		ECD687231FD02C4D001DAF24 /* UIViewController+Alert.m in Sources */ = {isa = PBXBuildFile; fileRef = ECD6870F1FD02C4C001DAF24 /* UIViewController+Alert.m */; };
		ECD6872C1FD031F5001DAF24 /* YBErrorPageView.m in Sources */ = {isa = PBXBuildFile; fileRef = ECD6872B1FD031F5001DAF24 /* YBErrorPageView.m */; };
/* End PBXBuildFile section */

/* Begin PBXContainerItemProxy section */
		EC8D757E1FCFE15400C6CBE2 /* PBXContainerItemProxy */ = {
			isa = PBXContainerItemProxy;
			containerPortal = EC8D755D1FCFE15300C6CBE2 /* Project object */;
			proxyType = 1;
			remoteGlobalIDString = EC8D75641FCFE15300C6CBE2;
			remoteInfo = YBBaseFrameworkDemo;
		};
/* End PBXContainerItemProxy section */

/* Begin PBXFileReference section */
		958967E6E7698E398C15DCD2 /* Pods-YBBaseFrameworkDemo.debug.xcconfig */ = {isa = PBXFileReference; includeInIndex = 1; lastKnownFileType = text.xcconfig; name = "Pods-YBBaseFrameworkDemo.debug.xcconfig"; path = "Pods/Target Support Files/Pods-YBBaseFrameworkDemo/Pods-YBBaseFrameworkDemo.debug.xcconfig"; sourceTree = "<group>"; };
		EC8D75651FCFE15300C6CBE2 /* YBBaseFrameworkDemo.app */ = {isa = PBXFileReference; explicitFileType = wrapper.application; includeInIndex = 0; path = YBBaseFrameworkDemo.app; sourceTree = BUILT_PRODUCTS_DIR; };
		EC8D75681FCFE15300C6CBE2 /* AppDelegate.h */ = {isa = PBXFileReference; lastKnownFileType = sourcecode.c.h; path = AppDelegate.h; sourceTree = "<group>"; };
		EC8D75691FCFE15400C6CBE2 /* AppDelegate.m */ = {isa = PBXFileReference; lastKnownFileType = sourcecode.c.objc; path = AppDelegate.m; sourceTree = "<group>"; };
		EC8D756B1FCFE15400C6CBE2 /* ViewController.h */ = {isa = PBXFileReference; lastKnownFileType = sourcecode.c.h; path = ViewController.h; sourceTree = "<group>"; };
		EC8D756C1FCFE15400C6CBE2 /* ViewController.m */ = {isa = PBXFileReference; lastKnownFileType = sourcecode.c.objc; path = ViewController.m; sourceTree = "<group>"; };
		EC8D756F1FCFE15400C6CBE2 /* Base */ = {isa = PBXFileReference; lastKnownFileType = file.storyboard; name = Base; path = Base.lproj/Main.storyboard; sourceTree = "<group>"; };
		EC8D75711FCFE15400C6CBE2 /* Assets.xcassets */ = {isa = PBXFileReference; lastKnownFileType = folder.assetcatalog; path = Assets.xcassets; sourceTree = "<group>"; };
		EC8D75741FCFE15400C6CBE2 /* Base */ = {isa = PBXFileReference; lastKnownFileType = file.storyboard; name = Base; path = Base.lproj/LaunchScreen.storyboard; sourceTree = "<group>"; };
		EC8D75761FCFE15400C6CBE2 /* Info.plist */ = {isa = PBXFileReference; lastKnownFileType = text.plist.xml; path = Info.plist; sourceTree = "<group>"; };
		EC8D75771FCFE15400C6CBE2 /* main.m */ = {isa = PBXFileReference; lastKnownFileType = sourcecode.c.objc; path = main.m; sourceTree = "<group>"; };
		EC8D757D1FCFE15400C6CBE2 /* YBBaseFrameworkDemoTests.xctest */ = {isa = PBXFileReference; explicitFileType = wrapper.cfbundle; includeInIndex = 0; path = YBBaseFrameworkDemoTests.xctest; sourceTree = BUILT_PRODUCTS_DIR; };
		EC8D75811FCFE15400C6CBE2 /* YBBaseFrameworkDemoTests.m */ = {isa = PBXFileReference; lastKnownFileType = sourcecode.c.objc; path = YBBaseFrameworkDemoTests.m; sourceTree = "<group>"; };
		EC8D75831FCFE15400C6CBE2 /* Info.plist */ = {isa = PBXFileReference; lastKnownFileType = text.plist.xml; path = Info.plist; sourceTree = "<group>"; };
		EC8D76821FD00F0800C6CBE2 /* error_net_bg.png */ = {isa = PBXFileReference; lastKnownFileType = image.png; path = error_net_bg.png; sourceTree = "<group>"; };
		EC8D76831FD00F0800C6CBE2 /* error_net_bg@2x.png */ = {isa = PBXFileReference; lastKnownFileType = image.png; path = "error_net_bg@2x.png"; sourceTree = "<group>"; };
		EC8D76841FD00F0800C6CBE2 /* error_net_bg@3x.png */ = {isa = PBXFileReference; lastKnownFileType = image.png; path = "error_net_bg@3x.png"; sourceTree = "<group>"; };
		EC8D76851FD00F0800C6CBE2 /* error_nodata_bg.png */ = {isa = PBXFileReference; lastKnownFileType = image.png; path = error_nodata_bg.png; sourceTree = "<group>"; };
		EC8D76861FD00F0800C6CBE2 /* error_nodata_bg@2x.png */ = {isa = PBXFileReference; lastKnownFileType = image.png; path = "error_nodata_bg@2x.png"; sourceTree = "<group>"; };
		EC8D76871FD00F0800C6CBE2 /* error_nodata_bg@3x.png */ = {isa = PBXFileReference; lastKnownFileType = image.png; path = "error_nodata_bg@3x.png"; sourceTree = "<group>"; };
		ECD686DB1FD02C4C001DAF24 /* YBFwConfigDemo.h */ = {isa = PBXFileReference; fileEncoding = 4; lastKnownFileType = sourcecode.c.h; path = YBFwConfigDemo.h; sourceTree = "<group>"; };
		ECD686E01FD02C4C001DAF24 /* YBErrorModel.h */ = {isa = PBXFileReference; fileEncoding = 4; lastKnownFileType = sourcecode.c.h; path = YBErrorModel.h; sourceTree = "<group>"; };
		ECD686E11FD02C4C001DAF24 /* YBErrorModel.m */ = {isa = PBXFileReference; fileEncoding = 4; lastKnownFileType = sourcecode.c.objc; path = YBErrorModel.m; sourceTree = "<group>"; };
		ECD686E21FD02C4C001DAF24 /* YBHttpRequestManager.h */ = {isa = PBXFileReference; fileEncoding = 4; lastKnownFileType = sourcecode.c.h; path = YBHttpRequestManager.h; sourceTree = "<group>"; };
		ECD686E31FD02C4C001DAF24 /* YBHttpRequestManager.m */ = {isa = PBXFileReference; fileEncoding = 4; lastKnownFileType = sourcecode.c.objc; path = YBHttpRequestManager.m; sourceTree = "<group>"; };
		ECD686E41FD02C4C001DAF24 /* YBHttpResponseModel.h */ = {isa = PBXFileReference; fileEncoding = 4; lastKnownFileType = sourcecode.c.h; path = YBHttpResponseModel.h; sourceTree = "<group>"; };
		ECD686E51FD02C4C001DAF24 /* YBHttpResponseModel.m */ = {isa = PBXFileReference; fileEncoding = 4; lastKnownFileType = sourcecode.c.objc; path = YBHttpResponseModel.m; sourceTree = "<group>"; };
		ECD686E61FD02C4C001DAF24 /* YBHttpServerErrorModel.h */ = {isa = PBXFileReference; fileEncoding = 4; lastKnownFileType = sourcecode.c.h; path = YBHttpServerErrorModel.h; sourceTree = "<group>"; };
		ECD686E71FD02C4C001DAF24 /* YBHttpServerErrorModel.m */ = {isa = PBXFileReference; fileEncoding = 4; lastKnownFileType = sourcecode.c.objc; path = YBHttpServerErrorModel.m; sourceTree = "<group>"; };
		ECD686E81FD02C4C001DAF24 /* YBResponseModel.h */ = {isa = PBXFileReference; fileEncoding = 4; lastKnownFileType = sourcecode.c.h; path = YBResponseModel.h; sourceTree = "<group>"; };
		ECD686E91FD02C4C001DAF24 /* YBResponseModel.m */ = {isa = PBXFileReference; fileEncoding = 4; lastKnownFileType = sourcecode.c.objc; path = YBResponseModel.m; sourceTree = "<group>"; };
		ECD686EA1FD02C4C001DAF24 /* YBResponseResultCode.h */ = {isa = PBXFileReference; fileEncoding = 4; lastKnownFileType = sourcecode.c.h; path = YBResponseResultCode.h; sourceTree = "<group>"; };
		ECD686EC1FD02C4C001DAF24 /* YBBaseInteractor.h */ = {isa = PBXFileReference; fileEncoding = 4; lastKnownFileType = sourcecode.c.h; path = YBBaseInteractor.h; sourceTree = "<group>"; };
		ECD686ED1FD02C4C001DAF24 /* YBBaseInteractor.m */ = {isa = PBXFileReference; fileEncoding = 4; lastKnownFileType = sourcecode.c.objc; path = YBBaseInteractor.m; sourceTree = "<group>"; };
		ECD686EE1FD02C4C001DAF24 /* YBBaseRequestWorker.h */ = {isa = PBXFileReference; fileEncoding = 4; lastKnownFileType = sourcecode.c.h; path = YBBaseRequestWorker.h; sourceTree = "<group>"; };
		ECD686EF1FD02C4C001DAF24 /* YBBaseRequestWorker.m */ = {isa = PBXFileReference; fileEncoding = 4; lastKnownFileType = sourcecode.c.objc; path = YBBaseRequestWorker.m; sourceTree = "<group>"; };
		ECD686F11FD02C4C001DAF24 /* YBFrameHeader.h */ = {isa = PBXFileReference; fileEncoding = 4; lastKnownFileType = sourcecode.c.h; path = YBFrameHeader.h; sourceTree = "<group>"; };
		ECD686F21FD02C4C001DAF24 /* YBRequestWorkerProtocol.h */ = {isa = PBXFileReference; fileEncoding = 4; lastKnownFileType = sourcecode.c.h; path = YBRequestWorkerProtocol.h; sourceTree = "<group>"; };
		ECD686F31FD02C4C001DAF24 /* YBResponseErrorProtocol.h */ = {isa = PBXFileReference; fileEncoding = 4; lastKnownFileType = sourcecode.c.h; path = YBResponseErrorProtocol.h; sourceTree = "<group>"; };
		ECD686F51FD02C4C001DAF24 /* AESEncrypt.h */ = {isa = PBXFileReference; fileEncoding = 4; lastKnownFileType = sourcecode.c.h; path = AESEncrypt.h; sourceTree = "<group>"; };
		ECD686F61FD02C4C001DAF24 /* AESEncrypt.m */ = {isa = PBXFileReference; fileEncoding = 4; lastKnownFileType = sourcecode.c.objc; path = AESEncrypt.m; sourceTree = "<group>"; };
		ECD686F91FD02C4C001DAF24 /* NSData+AES.h */ = {isa = PBXFileReference; fileEncoding = 4; lastKnownFileType = sourcecode.c.h; path = "NSData+AES.h"; sourceTree = "<group>"; };
		ECD686FA1FD02C4C001DAF24 /* NSData+AES.m */ = {isa = PBXFileReference; fileEncoding = 4; lastKnownFileType = sourcecode.c.objc; path = "NSData+AES.m"; sourceTree = "<group>"; };
		ECD686FB1FD02C4C001DAF24 /* SecurityUtil.h */ = {isa = PBXFileReference; fileEncoding = 4; lastKnownFileType = sourcecode.c.h; path = SecurityUtil.h; sourceTree = "<group>"; };
		ECD686FC1FD02C4C001DAF24 /* SecurityUtil.m */ = {isa = PBXFileReference; fileEncoding = 4; lastKnownFileType = sourcecode.c.objc; path = SecurityUtil.m; sourceTree = "<group>"; };
		ECD686FE1FD02C4C001DAF24 /* NSErrorCodeHandle.h */ = {isa = PBXFileReference; fileEncoding = 4; lastKnownFileType = sourcecode.c.h; path = NSErrorCodeHandle.h; sourceTree = "<group>"; };
		ECD686FF1FD02C4C001DAF24 /* NSErrorCodeHandle.m */ = {isa = PBXFileReference; fileEncoding = 4; lastKnownFileType = sourcecode.c.objc; path = NSErrorCodeHandle.m; sourceTree = "<group>"; };
		ECD687001FD02C4C001DAF24 /* NSObject+Dispatch.h */ = {isa = PBXFileReference; fileEncoding = 4; lastKnownFileType = sourcecode.c.h; path = "NSObject+Dispatch.h"; sourceTree = "<group>"; };
		ECD687011FD02C4C001DAF24 /* NSObject+Dispatch.m */ = {isa = PBXFileReference; fileEncoding = 4; lastKnownFileType = sourcecode.c.objc; path = "NSObject+Dispatch.m"; sourceTree = "<group>"; };
		ECD687021FD02C4C001DAF24 /* NSObject+ErrorCodeHandle.h */ = {isa = PBXFileReference; fileEncoding = 4; lastKnownFileType = sourcecode.c.h; path = "NSObject+ErrorCodeHandle.h"; sourceTree = "<group>"; };
		ECD687031FD02C4C001DAF24 /* NSObject+ErrorCodeHandle.m */ = {isa = PBXFileReference; fileEncoding = 4; lastKnownFileType = sourcecode.c.objc; path = "NSObject+ErrorCodeHandle.m"; sourceTree = "<group>"; };
		ECD687041FD02C4C001DAF24 /* NSObject+UIErrorHandle.h */ = {isa = PBXFileReference; fileEncoding = 4; lastKnownFileType = sourcecode.c.h; path = "NSObject+UIErrorHandle.h"; sourceTree = "<group>"; };
		ECD687051FD02C4C001DAF24 /* NSObject+UIErrorHandle.m */ = {isa = PBXFileReference; fileEncoding = 4; lastKnownFileType = sourcecode.c.objc; path = "NSObject+UIErrorHandle.m"; sourceTree = "<group>"; };
		ECD687071FD02C4C001DAF24 /* YBBasePresenter.h */ = {isa = PBXFileReference; fileEncoding = 4; lastKnownFileType = sourcecode.c.h; path = YBBasePresenter.h; sourceTree = "<group>"; };
		ECD687081FD02C4C001DAF24 /* YBBasePresenter.m */ = {isa = PBXFileReference; fileEncoding = 4; lastKnownFileType = sourcecode.c.objc; path = YBBasePresenter.m; sourceTree = "<group>"; };
		ECD6870A1FD02C4C001DAF24 /* UIImage+Alpha.h */ = {isa = PBXFileReference; fileEncoding = 4; lastKnownFileType = sourcecode.c.h; path = "UIImage+Alpha.h"; sourceTree = "<group>"; };
		ECD6870B1FD02C4C001DAF24 /* UIImage+Alpha.m */ = {isa = PBXFileReference; fileEncoding = 4; lastKnownFileType = sourcecode.c.objc; path = "UIImage+Alpha.m"; sourceTree = "<group>"; };
		ECD6870C1FD02C4C001DAF24 /* UILabel+BoundingRect.h */ = {isa = PBXFileReference; fileEncoding = 4; lastKnownFileType = sourcecode.c.h; path = "UILabel+BoundingRect.h"; sourceTree = "<group>"; };
		ECD6870D1FD02C4C001DAF24 /* UILabel+BoundingRect.m */ = {isa = PBXFileReference; fileEncoding = 4; lastKnownFileType = sourcecode.c.objc; path = "UILabel+BoundingRect.m"; sourceTree = "<group>"; };
		ECD6870E1FD02C4C001DAF24 /* UIViewController+Alert.h */ = {isa = PBXFileReference; fileEncoding = 4; lastKnownFileType = sourcecode.c.h; path = "UIViewController+Alert.h"; sourceTree = "<group>"; };
		ECD6870F1FD02C4C001DAF24 /* UIViewController+Alert.m */ = {isa = PBXFileReference; fileEncoding = 4; lastKnownFileType = sourcecode.c.objc; path = "UIViewController+Alert.m"; sourceTree = "<group>"; };
		ECD6872A1FD031F5001DAF24 /* YBErrorPageView.h */ = {isa = PBXFileReference; fileEncoding = 4; lastKnownFileType = sourcecode.c.h; path = YBErrorPageView.h; sourceTree = "<group>"; };
		ECD6872B1FD031F5001DAF24 /* YBErrorPageView.m */ = {isa = PBXFileReference; fileEncoding = 4; lastKnownFileType = sourcecode.c.objc; path = YBErrorPageView.m; sourceTree = "<group>"; };
		FCBC78E270E165B4CC839C6E /* Pods-YBBaseFrameworkDemo.release.xcconfig */ = {isa = PBXFileReference; includeInIndex = 1; lastKnownFileType = text.xcconfig; name = "Pods-YBBaseFrameworkDemo.release.xcconfig"; path = "Pods/Target Support Files/Pods-YBBaseFrameworkDemo/Pods-YBBaseFrameworkDemo.release.xcconfig"; sourceTree = "<group>"; };
		FD2E8042898954E5AB25A1E9 /* libPods-YBBaseFrameworkDemo.a */ = {isa = PBXFileReference; explicitFileType = archive.ar; includeInIndex = 0; path = "libPods-YBBaseFrameworkDemo.a"; sourceTree = BUILT_PRODUCTS_DIR; };
/* End PBXFileReference section */

/* Begin PBXFrameworksBuildPhase section */
		EC8D75621FCFE15300C6CBE2 /* Frameworks */ = {
			isa = PBXFrameworksBuildPhase;
			buildActionMask = 2147483647;
			files = (
				53614A0BD198421630CC7FBA /* libPods-YBBaseFrameworkDemo.a in Frameworks */,
			);
			runOnlyForDeploymentPostprocessing = 0;
		};
		EC8D757A1FCFE15400C6CBE2 /* Frameworks */ = {
			isa = PBXFrameworksBuildPhase;
			buildActionMask = 2147483647;
			files = (
			);
			runOnlyForDeploymentPostprocessing = 0;
		};
/* End PBXFrameworksBuildPhase section */

/* Begin PBXGroup section */
		570ABBC0C2B980607293BD08 /* Pods */ = {
			isa = PBXGroup;
			children = (
				958967E6E7698E398C15DCD2 /* Pods-YBBaseFrameworkDemo.debug.xcconfig */,
				FCBC78E270E165B4CC839C6E /* Pods-YBBaseFrameworkDemo.release.xcconfig */,
			);
			name = Pods;
			sourceTree = "<group>";
		};
		8DB085B72D31172365F40B51 /* Frameworks */ = {
			isa = PBXGroup;
			children = (
				FD2E8042898954E5AB25A1E9 /* libPods-YBBaseFrameworkDemo.a */,
			);
			name = Frameworks;
			sourceTree = "<group>";
		};
		EC8D755C1FCFE15300C6CBE2 = {
			isa = PBXGroup;
			children = (
				EC8D75671FCFE15300C6CBE2 /* YBBaseFrameworkDemo */,
				EC8D75801FCFE15400C6CBE2 /* YBBaseFrameworkDemoTests */,
				EC8D75661FCFE15300C6CBE2 /* Products */,
				570ABBC0C2B980607293BD08 /* Pods */,
				8DB085B72D31172365F40B51 /* Frameworks */,
			);
			sourceTree = "<group>";
		};
		EC8D75661FCFE15300C6CBE2 /* Products */ = {
			isa = PBXGroup;
			children = (
				EC8D75651FCFE15300C6CBE2 /* YBBaseFrameworkDemo.app */,
				EC8D757D1FCFE15400C6CBE2 /* YBBaseFrameworkDemoTests.xctest */,
			);
			name = Products;
			sourceTree = "<group>";
		};
		EC8D75671FCFE15300C6CBE2 /* YBBaseFrameworkDemo */ = {
			isa = PBXGroup;
			children = (
				ECD6866B1FD02100001DAF24 /* YBBaseFramework */,
				EC8D76811FD00F0800C6CBE2 /* Resources */,
				EC8D75681FCFE15300C6CBE2 /* AppDelegate.h */,
				EC8D75691FCFE15400C6CBE2 /* AppDelegate.m */,
				EC8D756B1FCFE15400C6CBE2 /* ViewController.h */,
				EC8D756C1FCFE15400C6CBE2 /* ViewController.m */,
				EC8D756E1FCFE15400C6CBE2 /* Main.storyboard */,
				EC8D75711FCFE15400C6CBE2 /* Assets.xcassets */,
				EC8D75731FCFE15400C6CBE2 /* LaunchScreen.storyboard */,
				EC8D75761FCFE15400C6CBE2 /* Info.plist */,
				EC8D75771FCFE15400C6CBE2 /* main.m */,
			);
			path = YBBaseFrameworkDemo;
			sourceTree = "<group>";
		};
		EC8D75801FCFE15400C6CBE2 /* YBBaseFrameworkDemoTests */ = {
			isa = PBXGroup;
			children = (
				EC8D75811FCFE15400C6CBE2 /* YBBaseFrameworkDemoTests.m */,
				EC8D75831FCFE15400C6CBE2 /* Info.plist */,
			);
			path = YBBaseFrameworkDemoTests;
			sourceTree = "<group>";
		};
		EC8D76811FD00F0800C6CBE2 /* Resources */ = {
			isa = PBXGroup;
			children = (
				EC8D76821FD00F0800C6CBE2 /* error_net_bg.png */,
				EC8D76831FD00F0800C6CBE2 /* error_net_bg@2x.png */,
				EC8D76841FD00F0800C6CBE2 /* error_net_bg@3x.png */,
				EC8D76851FD00F0800C6CBE2 /* error_nodata_bg.png */,
				EC8D76861FD00F0800C6CBE2 /* error_nodata_bg@2x.png */,
				EC8D76871FD00F0800C6CBE2 /* error_nodata_bg@3x.png */,
			);
			path = Resources;
			sourceTree = "<group>";
		};
		ECD6866B1FD02100001DAF24 /* YBBaseFramework */ = {
			isa = PBXGroup;
			children = (
				ECD686DA1FD02C4C001DAF24 /* READ_ME */,
				ECD687291FD031F5001DAF24 /* YBErrorView */,
				ECD686DF1FD02C4C001DAF24 /* YBAFNetwork */,
				ECD687091FD02C4C001DAF24 /* YBCategory */,
				ECD686FD1FD02C4C001DAF24 /* YBErrorHandle */,
				ECD686EB1FD02C4C001DAF24 /* YBInteractor */,
				ECD687061FD02C4C001DAF24 /* YBPresenter */,
				ECD686F01FD02C4C001DAF24 /* YBProtocol */,
				ECD686F41FD02C4C001DAF24 /* YBSecurity */,
			);
			path = YBBaseFramework;
			sourceTree = "<group>";
		};
		ECD686DA1FD02C4C001DAF24 /* READ_ME */ = {
			isa = PBXGroup;
			children = (
				ECD686DB1FD02C4C001DAF24 /* YBFwConfigDemo.h */,
			);
			path = READ_ME;
			sourceTree = "<group>";
		};
		ECD686DF1FD02C4C001DAF24 /* YBAFNetwork */ = {
			isa = PBXGroup;
			children = (
				ECD686E01FD02C4C001DAF24 /* YBErrorModel.h */,
				ECD686E11FD02C4C001DAF24 /* YBErrorModel.m */,
				ECD686E21FD02C4C001DAF24 /* YBHttpRequestManager.h */,
				ECD686E31FD02C4C001DAF24 /* YBHttpRequestManager.m */,
				ECD686E41FD02C4C001DAF24 /* YBHttpResponseModel.h */,
				ECD686E51FD02C4C001DAF24 /* YBHttpResponseModel.m */,
				ECD686E61FD02C4C001DAF24 /* YBHttpServerErrorModel.h */,
				ECD686E71FD02C4C001DAF24 /* YBHttpServerErrorModel.m */,
				ECD686E81FD02C4C001DAF24 /* YBResponseModel.h */,
				ECD686E91FD02C4C001DAF24 /* YBResponseModel.m */,
				ECD686EA1FD02C4C001DAF24 /* YBResponseResultCode.h */,
			);
			path = YBAFNetwork;
			sourceTree = "<group>";
		};
		ECD686EB1FD02C4C001DAF24 /* YBInteractor */ = {
			isa = PBXGroup;
			children = (
				ECD686EC1FD02C4C001DAF24 /* YBBaseInteractor.h */,
				ECD686ED1FD02C4C001DAF24 /* YBBaseInteractor.m */,
				ECD686EE1FD02C4C001DAF24 /* YBBaseRequestWorker.h */,
				ECD686EF1FD02C4C001DAF24 /* YBBaseRequestWorker.m */,
			);
			path = YBInteractor;
			sourceTree = "<group>";
		};
		ECD686F01FD02C4C001DAF24 /* YBProtocol */ = {
			isa = PBXGroup;
			children = (
				ECD686F11FD02C4C001DAF24 /* YBFrameHeader.h */,
				ECD686F21FD02C4C001DAF24 /* YBRequestWorkerProtocol.h */,
				ECD686F31FD02C4C001DAF24 /* YBResponseErrorProtocol.h */,
			);
			path = YBProtocol;
			sourceTree = "<group>";
		};
		ECD686F41FD02C4C001DAF24 /* YBSecurity */ = {
			isa = PBXGroup;
			children = (
				ECD686F51FD02C4C001DAF24 /* AESEncrypt.h */,
				ECD686F61FD02C4C001DAF24 /* AESEncrypt.m */,
				ECD686F91FD02C4C001DAF24 /* NSData+AES.h */,
				ECD686FA1FD02C4C001DAF24 /* NSData+AES.m */,
				ECD686FB1FD02C4C001DAF24 /* SecurityUtil.h */,
				ECD686FC1FD02C4C001DAF24 /* SecurityUtil.m */,
			);
			path = YBSecurity;
			sourceTree = "<group>";
		};
		ECD686FD1FD02C4C001DAF24 /* YBErrorHandle */ = {
			isa = PBXGroup;
			children = (
				ECD686FE1FD02C4C001DAF24 /* NSErrorCodeHandle.h */,
				ECD686FF1FD02C4C001DAF24 /* NSErrorCodeHandle.m */,
				ECD687001FD02C4C001DAF24 /* NSObject+Dispatch.h */,
				ECD687011FD02C4C001DAF24 /* NSObject+Dispatch.m */,
				ECD687021FD02C4C001DAF24 /* NSObject+ErrorCodeHandle.h */,
				ECD687031FD02C4C001DAF24 /* NSObject+ErrorCodeHandle.m */,
				ECD687041FD02C4C001DAF24 /* NSObject+UIErrorHandle.h */,
				ECD687051FD02C4C001DAF24 /* NSObject+UIErrorHandle.m */,
			);
			path = YBErrorHandle;
			sourceTree = "<group>";
		};
		ECD687061FD02C4C001DAF24 /* YBPresenter */ = {
			isa = PBXGroup;
			children = (
				ECD687071FD02C4C001DAF24 /* YBBasePresenter.h */,
				ECD687081FD02C4C001DAF24 /* YBBasePresenter.m */,
			);
			path = YBPresenter;
			sourceTree = "<group>";
		};
		ECD687091FD02C4C001DAF24 /* YBCategory */ = {
			isa = PBXGroup;
			children = (
				ECD6870A1FD02C4C001DAF24 /* UIImage+Alpha.h */,
				ECD6870B1FD02C4C001DAF24 /* UIImage+Alpha.m */,
				ECD6870C1FD02C4C001DAF24 /* UILabel+BoundingRect.h */,
				ECD6870D1FD02C4C001DAF24 /* UILabel+BoundingRect.m */,
				ECD6870E1FD02C4C001DAF24 /* UIViewController+Alert.h */,
				ECD6870F1FD02C4C001DAF24 /* UIViewController+Alert.m */,
			);
			path = YBCategory;
			sourceTree = "<group>";
		};
		ECD687291FD031F5001DAF24 /* YBErrorView */ = {
			isa = PBXGroup;
			children = (
				ECD6872A1FD031F5001DAF24 /* YBErrorPageView.h */,
				ECD6872B1FD031F5001DAF24 /* YBErrorPageView.m */,
			);
			path = YBErrorView;
			sourceTree = "<group>";
		};
/* End PBXGroup section */

/* Begin PBXNativeTarget section */
		EC8D75641FCFE15300C6CBE2 /* YBBaseFrameworkDemo */ = {
			isa = PBXNativeTarget;
			buildConfigurationList = EC8D75861FCFE15400C6CBE2 /* Build configuration list for PBXNativeTarget "YBBaseFrameworkDemo" */;
			buildPhases = (
				2A82FD2E640CA09FCE2E0BA0 /* [CP] Check Pods Manifest.lock */,
				EC8D75611FCFE15300C6CBE2 /* Sources */,
				EC8D75621FCFE15300C6CBE2 /* Frameworks */,
				EC8D75631FCFE15300C6CBE2 /* Resources */,
				8CCD8BC1681C21FDB3C8C4B1 /* [CP] Embed Pods Frameworks */,
				5E18B71AD67EE90814CAE681 /* [CP] Copy Pods Resources */,
			);
			buildRules = (
			);
			dependencies = (
			);
			name = YBBaseFrameworkDemo;
			productName = YBBaseFrameworkDemo;
			productReference = EC8D75651FCFE15300C6CBE2 /* YBBaseFrameworkDemo.app */;
			productType = "com.apple.product-type.application";
		};
		EC8D757C1FCFE15400C6CBE2 /* YBBaseFrameworkDemoTests */ = {
			isa = PBXNativeTarget;
			buildConfigurationList = EC8D75891FCFE15400C6CBE2 /* Build configuration list for PBXNativeTarget "YBBaseFrameworkDemoTests" */;
			buildPhases = (
				EC8D75791FCFE15400C6CBE2 /* Sources */,
				EC8D757A1FCFE15400C6CBE2 /* Frameworks */,
				EC8D757B1FCFE15400C6CBE2 /* Resources */,
			);
			buildRules = (
			);
			dependencies = (
				EC8D757F1FCFE15400C6CBE2 /* PBXTargetDependency */,
			);
			name = YBBaseFrameworkDemoTests;
			productName = YBBaseFrameworkDemoTests;
			productReference = EC8D757D1FCFE15400C6CBE2 /* YBBaseFrameworkDemoTests.xctest */;
			productType = "com.apple.product-type.bundle.unit-test";
		};
/* End PBXNativeTarget section */

/* Begin PBXProject section */
		EC8D755D1FCFE15300C6CBE2 /* Project object */ = {
			isa = PBXProject;
			attributes = {
				LastUpgradeCheck = 0900;
				ORGANIZATIONNAME = asance;
				TargetAttributes = {
					EC8D75641FCFE15300C6CBE2 = {
						CreatedOnToolsVersion = 9.0;
						ProvisioningStyle = Automatic;
					};
					EC8D757C1FCFE15400C6CBE2 = {
						CreatedOnToolsVersion = 9.0;
						ProvisioningStyle = Automatic;
						TestTargetID = EC8D75641FCFE15300C6CBE2;
					};
				};
			};
			buildConfigurationList = EC8D75601FCFE15300C6CBE2 /* Build configuration list for PBXProject "YBBaseFrameworkDemo" */;
			compatibilityVersion = "Xcode 8.0";
			developmentRegion = en;
			hasScannedForEncodings = 0;
			knownRegions = (
				en,
				Base,
			);
			mainGroup = EC8D755C1FCFE15300C6CBE2;
			productRefGroup = EC8D75661FCFE15300C6CBE2 /* Products */;
			projectDirPath = "";
			projectRoot = "";
			targets = (
				EC8D75641FCFE15300C6CBE2 /* YBBaseFrameworkDemo */,
				EC8D757C1FCFE15400C6CBE2 /* YBBaseFrameworkDemoTests */,
			);
		};
/* End PBXProject section */

/* Begin PBXResourcesBuildPhase section */
		EC8D75631FCFE15300C6CBE2 /* Resources */ = {
			isa = PBXResourcesBuildPhase;
			buildActionMask = 2147483647;
			files = (
				EC8D76891FD00F0800C6CBE2 /* error_net_bg@2x.png in Resources */,
				EC8D75751FCFE15400C6CBE2 /* LaunchScreen.storyboard in Resources */,
				EC8D768D1FD00F0800C6CBE2 /* error_nodata_bg@3x.png in Resources */,
				EC8D768B1FD00F0800C6CBE2 /* error_nodata_bg.png in Resources */,
				EC8D768C1FD00F0800C6CBE2 /* error_nodata_bg@2x.png in Resources */,
				EC8D75721FCFE15400C6CBE2 /* Assets.xcassets in Resources */,
				EC8D75701FCFE15400C6CBE2 /* Main.storyboard in Resources */,
				EC8D76881FD00F0800C6CBE2 /* error_net_bg.png in Resources */,
				EC8D768A1FD00F0800C6CBE2 /* error_net_bg@3x.png in Resources */,
			);
			runOnlyForDeploymentPostprocessing = 0;
		};
		EC8D757B1FCFE15400C6CBE2 /* Resources */ = {
			isa = PBXResourcesBuildPhase;
			buildActionMask = 2147483647;
			files = (
			);
			runOnlyForDeploymentPostprocessing = 0;
		};
/* End PBXResourcesBuildPhase section */

/* Begin PBXShellScriptBuildPhase section */
		2A82FD2E640CA09FCE2E0BA0 /* [CP] Check Pods Manifest.lock */ = {
			isa = PBXShellScriptBuildPhase;
			buildActionMask = 2147483647;
			files = (
			);
			inputPaths = (
			);
			name = "[CP] Check Pods Manifest.lock";
			outputPaths = (
			);
			runOnlyForDeploymentPostprocessing = 0;
			shellPath = /bin/sh;
			shellScript = "diff \"${PODS_PODFILE_DIR_PATH}/Podfile.lock\" \"${PODS_ROOT}/Manifest.lock\" > /dev/null\nif [ $? != 0 ] ; then\n    # print error to STDERR\n    echo \"error: The sandbox is not in sync with the Podfile.lock. Run 'pod install' or update your CocoaPods installation.\" >&2\n    exit 1\nfi\n";
			showEnvVarsInLog = 0;
		};
		5E18B71AD67EE90814CAE681 /* [CP] Copy Pods Resources */ = {
			isa = PBXShellScriptBuildPhase;
			buildActionMask = 2147483647;
			files = (
			);
			inputPaths = (
			);
			name = "[CP] Copy Pods Resources";
			outputPaths = (
			);
			runOnlyForDeploymentPostprocessing = 0;
			shellPath = /bin/sh;
			shellScript = "\"${SRCROOT}/Pods/Target Support Files/Pods-YBBaseFrameworkDemo/Pods-YBBaseFrameworkDemo-resources.sh\"\n";
			showEnvVarsInLog = 0;
		};
		8CCD8BC1681C21FDB3C8C4B1 /* [CP] Embed Pods Frameworks */ = {
			isa = PBXShellScriptBuildPhase;
			buildActionMask = 2147483647;
			files = (
			);
			inputPaths = (
			);
			name = "[CP] Embed Pods Frameworks";
			outputPaths = (
			);
			runOnlyForDeploymentPostprocessing = 0;
			shellPath = /bin/sh;
			shellScript = "\"${SRCROOT}/Pods/Target Support Files/Pods-YBBaseFrameworkDemo/Pods-YBBaseFrameworkDemo-frameworks.sh\"\n";
			showEnvVarsInLog = 0;
		};
/* End PBXShellScriptBuildPhase section */

/* Begin PBXSourcesBuildPhase section */
		EC8D75611FCFE15300C6CBE2 /* Sources */ = {
			isa = PBXSourcesBuildPhase;
			buildActionMask = 2147483647;
			files = (
				ECD6871C1FD02C4C001DAF24 /* NSErrorCodeHandle.m in Sources */,
				ECD6871A1FD02C4C001DAF24 /* NSData+AES.m in Sources */,
				ECD687151FD02C4C001DAF24 /* YBResponseModel.m in Sources */,
				ECD6871E1FD02C4C001DAF24 /* NSObject+ErrorCodeHandle.m in Sources */,
				ECD687231FD02C4D001DAF24 /* UIViewController+Alert.m in Sources */,
				ECD687181FD02C4C001DAF24 /* AESEncrypt.m in Sources */,
				ECD687171FD02C4C001DAF24 /* YBBaseRequestWorker.m in Sources */,
				ECD687201FD02C4C001DAF24 /* YBBasePresenter.m in Sources */,
				ECD687141FD02C4C001DAF24 /* YBHttpServerErrorModel.m in Sources */,
				EC8D756D1FCFE15400C6CBE2 /* ViewController.m in Sources */,
				ECD687211FD02C4D001DAF24 /* UIImage+Alpha.m in Sources */,
				ECD687161FD02C4C001DAF24 /* YBBaseInteractor.m in Sources */,
				ECD687121FD02C4C001DAF24 /* YBHttpRequestManager.m in Sources */,
				EC8D75781FCFE15400C6CBE2 /* main.m in Sources */,
				ECD687131FD02C4C001DAF24 /* YBHttpResponseModel.m in Sources */,
				ECD6872C1FD031F5001DAF24 /* YBErrorPageView.m in Sources */,
				ECD687221FD02C4D001DAF24 /* UILabel+BoundingRect.m in Sources */,
				ECD6871F1FD02C4C001DAF24 /* NSObject+UIErrorHandle.m in Sources */,
				EC8D756A1FCFE15400C6CBE2 /* AppDelegate.m in Sources */,
				ECD6871B1FD02C4C001DAF24 /* SecurityUtil.m in Sources */,
				ECD6871D1FD02C4C001DAF24 /* NSObject+Dispatch.m in Sources */,
				ECD687111FD02C4C001DAF24 /* YBErrorModel.m in Sources */,
			);
			runOnlyForDeploymentPostprocessing = 0;
		};
		EC8D75791FCFE15400C6CBE2 /* Sources */ = {
			isa = PBXSourcesBuildPhase;
			buildActionMask = 2147483647;
			files = (
				EC8D75821FCFE15400C6CBE2 /* YBBaseFrameworkDemoTests.m in Sources */,
			);
			runOnlyForDeploymentPostprocessing = 0;
		};
/* End PBXSourcesBuildPhase section */

/* Begin PBXTargetDependency section */
		EC8D757F1FCFE15400C6CBE2 /* PBXTargetDependency */ = {
			isa = PBXTargetDependency;
			target = EC8D75641FCFE15300C6CBE2 /* YBBaseFrameworkDemo */;
			targetProxy = EC8D757E1FCFE15400C6CBE2 /* PBXContainerItemProxy */;
		};
/* End PBXTargetDependency section */

/* Begin PBXVariantGroup section */
		EC8D756E1FCFE15400C6CBE2 /* Main.storyboard */ = {
			isa = PBXVariantGroup;
			children = (
				EC8D756F1FCFE15400C6CBE2 /* Base */,
			);
			name = Main.storyboard;
			sourceTree = "<group>";
		};
		EC8D75731FCFE15400C6CBE2 /* LaunchScreen.storyboard */ = {
			isa = PBXVariantGroup;
			children = (
				EC8D75741FCFE15400C6CBE2 /* Base */,
			);
			name = LaunchScreen.storyboard;
			sourceTree = "<group>";
		};
/* End PBXVariantGroup section */

/* Begin XCBuildConfiguration section */
		EC8D75841FCFE15400C6CBE2 /* Debug */ = {
			isa = XCBuildConfiguration;
			buildSettings = {
				ALWAYS_SEARCH_USER_PATHS = NO;
				CLANG_ANALYZER_NONNULL = YES;
				CLANG_ANALYZER_NUMBER_OBJECT_CONVERSION = YES_AGGRESSIVE;
				CLANG_CXX_LANGUAGE_STANDARD = "gnu++14";
				CLANG_CXX_LIBRARY = "libc++";
				CLANG_ENABLE_MODULES = YES;
				CLANG_ENABLE_OBJC_ARC = YES;
				CLANG_WARN_BLOCK_CAPTURE_AUTORELEASING = YES;
				CLANG_WARN_BOOL_CONVERSION = YES;
				CLANG_WARN_COMMA = YES;
				CLANG_WARN_CONSTANT_CONVERSION = YES;
				CLANG_WARN_DIRECT_OBJC_ISA_USAGE = YES_ERROR;
				CLANG_WARN_DOCUMENTATION_COMMENTS = YES;
				CLANG_WARN_EMPTY_BODY = YES;
				CLANG_WARN_ENUM_CONVERSION = YES;
				CLANG_WARN_INFINITE_RECURSION = YES;
				CLANG_WARN_INT_CONVERSION = YES;
				CLANG_WARN_NON_LITERAL_NULL_CONVERSION = YES;
				CLANG_WARN_OBJC_LITERAL_CONVERSION = YES;
				CLANG_WARN_OBJC_ROOT_CLASS = YES_ERROR;
				CLANG_WARN_RANGE_LOOP_ANALYSIS = YES;
				CLANG_WARN_STRICT_PROTOTYPES = YES;
				CLANG_WARN_SUSPICIOUS_MOVE = YES;
				CLANG_WARN_UNGUARDED_AVAILABILITY = YES_AGGRESSIVE;
				CLANG_WARN_UNREACHABLE_CODE = YES;
				CLANG_WARN__DUPLICATE_METHOD_MATCH = YES;
				CODE_SIGN_IDENTITY = "iPhone Developer";
				COPY_PHASE_STRIP = NO;
				DEBUG_INFORMATION_FORMAT = dwarf;
				ENABLE_STRICT_OBJC_MSGSEND = YES;
				ENABLE_TESTABILITY = YES;
				GCC_C_LANGUAGE_STANDARD = gnu11;
				GCC_DYNAMIC_NO_PIC = NO;
				GCC_NO_COMMON_BLOCKS = YES;
				GCC_OPTIMIZATION_LEVEL = 0;
				GCC_PREPROCESSOR_DEFINITIONS = (
					"DEBUG=1",
					"$(inherited)",
				);
				GCC_WARN_64_TO_32_BIT_CONVERSION = YES;
				GCC_WARN_ABOUT_RETURN_TYPE = YES_ERROR;
				GCC_WARN_UNDECLARED_SELECTOR = YES;
				GCC_WARN_UNINITIALIZED_AUTOS = YES_AGGRESSIVE;
				GCC_WARN_UNUSED_FUNCTION = YES;
				GCC_WARN_UNUSED_VARIABLE = YES;
				IPHONEOS_DEPLOYMENT_TARGET = 11.0;
				MTL_ENABLE_DEBUG_INFO = YES;
				ONLY_ACTIVE_ARCH = YES;
				SDKROOT = iphoneos;
			};
			name = Debug;
		};
		EC8D75851FCFE15400C6CBE2 /* Release */ = {
			isa = XCBuildConfiguration;
			buildSettings = {
				ALWAYS_SEARCH_USER_PATHS = NO;
				CLANG_ANALYZER_NONNULL = YES;
				CLANG_ANALYZER_NUMBER_OBJECT_CONVERSION = YES_AGGRESSIVE;
				CLANG_CXX_LANGUAGE_STANDARD = "gnu++14";
				CLANG_CXX_LIBRARY = "libc++";
				CLANG_ENABLE_MODULES = YES;
				CLANG_ENABLE_OBJC_ARC = YES;
				CLANG_WARN_BLOCK_CAPTURE_AUTORELEASING = YES;
				CLANG_WARN_BOOL_CONVERSION = YES;
				CLANG_WARN_COMMA = YES;
				CLANG_WARN_CONSTANT_CONVERSION = YES;
				CLANG_WARN_DIRECT_OBJC_ISA_USAGE = YES_ERROR;
				CLANG_WARN_DOCUMENTATION_COMMENTS = YES;
				CLANG_WARN_EMPTY_BODY = YES;
				CLANG_WARN_ENUM_CONVERSION = YES;
				CLANG_WARN_INFINITE_RECURSION = YES;
				CLANG_WARN_INT_CONVERSION = YES;
				CLANG_WARN_NON_LITERAL_NULL_CONVERSION = YES;
				CLANG_WARN_OBJC_LITERAL_CONVERSION = YES;
				CLANG_WARN_OBJC_ROOT_CLASS = YES_ERROR;
				CLANG_WARN_RANGE_LOOP_ANALYSIS = YES;
				CLANG_WARN_STRICT_PROTOTYPES = YES;
				CLANG_WARN_SUSPICIOUS_MOVE = YES;
				CLANG_WARN_UNGUARDED_AVAILABILITY = YES_AGGRESSIVE;
				CLANG_WARN_UNREACHABLE_CODE = YES;
				CLANG_WARN__DUPLICATE_METHOD_MATCH = YES;
				CODE_SIGN_IDENTITY = "iPhone Developer";
				COPY_PHASE_STRIP = NO;
				DEBUG_INFORMATION_FORMAT = "dwarf-with-dsym";
				ENABLE_NS_ASSERTIONS = NO;
				ENABLE_STRICT_OBJC_MSGSEND = YES;
				GCC_C_LANGUAGE_STANDARD = gnu11;
				GCC_NO_COMMON_BLOCKS = YES;
				GCC_WARN_64_TO_32_BIT_CONVERSION = YES;
				GCC_WARN_ABOUT_RETURN_TYPE = YES_ERROR;
				GCC_WARN_UNDECLARED_SELECTOR = YES;
				GCC_WARN_UNINITIALIZED_AUTOS = YES_AGGRESSIVE;
				GCC_WARN_UNUSED_FUNCTION = YES;
				GCC_WARN_UNUSED_VARIABLE = YES;
				IPHONEOS_DEPLOYMENT_TARGET = 11.0;
				MTL_ENABLE_DEBUG_INFO = NO;
				SDKROOT = iphoneos;
				VALIDATE_PRODUCT = YES;
			};
			name = Release;
		};
		EC8D75871FCFE15400C6CBE2 /* Debug */ = {
			isa = XCBuildConfiguration;
			baseConfigurationReference = 958967E6E7698E398C15DCD2 /* Pods-YBBaseFrameworkDemo.debug.xcconfig */;
			buildSettings = {
				ASSETCATALOG_COMPILER_APPICON_NAME = AppIcon;
				CODE_SIGN_STYLE = Automatic;
				DEVELOPMENT_TEAM = NLQUF9KEG2;
				INFOPLIST_FILE = YBBaseFrameworkDemo/Info.plist;
				IPHONEOS_DEPLOYMENT_TARGET = 8.0;
				LD_RUNPATH_SEARCH_PATHS = "$(inherited) @executable_path/Frameworks";
				PRODUCT_BUNDLE_IDENTIFIER = asance.YBBaseFrameworkDemo;
				PRODUCT_NAME = "$(TARGET_NAME)";
				TARGETED_DEVICE_FAMILY = "1,2";
			};
			name = Debug;
		};
		EC8D75881FCFE15400C6CBE2 /* Release */ = {
			isa = XCBuildConfiguration;
			baseConfigurationReference = FCBC78E270E165B4CC839C6E /* Pods-YBBaseFrameworkDemo.release.xcconfig */;
			buildSettings = {
				ASSETCATALOG_COMPILER_APPICON_NAME = AppIcon;
				CODE_SIGN_STYLE = Automatic;
				DEVELOPMENT_TEAM = NLQUF9KEG2;
				INFOPLIST_FILE = YBBaseFrameworkDemo/Info.plist;
				IPHONEOS_DEPLOYMENT_TARGET = 8.0;
				LD_RUNPATH_SEARCH_PATHS = "$(inherited) @executable_path/Frameworks";
				PRODUCT_BUNDLE_IDENTIFIER = asance.YBBaseFrameworkDemo;
				PRODUCT_NAME = "$(TARGET_NAME)";
				TARGETED_DEVICE_FAMILY = "1,2";
			};
			name = Release;
		};
		EC8D758A1FCFE15400C6CBE2 /* Debug */ = {
			isa = XCBuildConfiguration;
			buildSettings = {
				BUNDLE_LOADER = "$(TEST_HOST)";
				CODE_SIGN_STYLE = Automatic;
				DEVELOPMENT_TEAM = NLQUF9KEG2;
				INFOPLIST_FILE = YBBaseFrameworkDemoTests/Info.plist;
				LD_RUNPATH_SEARCH_PATHS = "$(inherited) @executable_path/Frameworks @loader_path/Frameworks";
				PRODUCT_BUNDLE_IDENTIFIER = asance.YBBaseFrameworkDemoTests;
				PRODUCT_NAME = "$(TARGET_NAME)";
				TARGETED_DEVICE_FAMILY = "1,2";
				TEST_HOST = "$(BUILT_PRODUCTS_DIR)/YBBaseFrameworkDemo.app/YBBaseFrameworkDemo";
			};
			name = Debug;
		};
		EC8D758B1FCFE15400C6CBE2 /* Release */ = {
			isa = XCBuildConfiguration;
			buildSettings = {
				BUNDLE_LOADER = "$(TEST_HOST)";
				CODE_SIGN_STYLE = Automatic;
				DEVELOPMENT_TEAM = NLQUF9KEG2;
				INFOPLIST_FILE = YBBaseFrameworkDemoTests/Info.plist;
				LD_RUNPATH_SEARCH_PATHS = "$(inherited) @executable_path/Frameworks @loader_path/Frameworks";
				PRODUCT_BUNDLE_IDENTIFIER = asance.YBBaseFrameworkDemoTests;
				PRODUCT_NAME = "$(TARGET_NAME)";
				TARGETED_DEVICE_FAMILY = "1,2";
				TEST_HOST = "$(BUILT_PRODUCTS_DIR)/YBBaseFrameworkDemo.app/YBBaseFrameworkDemo";
			};
			name = Release;
		};
/* End XCBuildConfiguration section */

/* Begin XCConfigurationList section */
		EC8D75601FCFE15300C6CBE2 /* Build configuration list for PBXProject "YBBaseFrameworkDemo" */ = {
			isa = XCConfigurationList;
			buildConfigurations = (
				EC8D75841FCFE15400C6CBE2 /* Debug */,
				EC8D75851FCFE15400C6CBE2 /* Release */,
			);
			defaultConfigurationIsVisible = 0;
			defaultConfigurationName = Release;
		};
		EC8D75861FCFE15400C6CBE2 /* Build configuration list for PBXNativeTarget "YBBaseFrameworkDemo" */ = {
			isa = XCConfigurationList;
			buildConfigurations = (
				EC8D75871FCFE15400C6CBE2 /* Debug */,
				EC8D75881FCFE15400C6CBE2 /* Release */,
			);
			defaultConfigurationIsVisible = 0;
			defaultConfigurationName = Release;
		};
		EC8D75891FCFE15400C6CBE2 /* Build configuration list for PBXNativeTarget "YBBaseFrameworkDemoTests" */ = {
			isa = XCConfigurationList;
			buildConfigurations = (
				EC8D758A1FCFE15400C6CBE2 /* Debug */,
				EC8D758B1FCFE15400C6CBE2 /* Release */,
			);
			defaultConfigurationIsVisible = 0;
			defaultConfigurationName = Release;
		};
/* End XCConfigurationList section */
	};
	rootObject = EC8D755D1FCFE15300C6CBE2 /* Project object */;
}
